// !$*UTF8*$!
{
	archiveVersion = 1;
	classes = {
	};
	objectVersion = 50;
	objects = {

/* Begin PBXBuildFile section */
		C5609A4F216212DA0090A723 /* AppDelegate.swift in Sources */ = {isa = PBXBuildFile; fileRef = C5609A4E216212DA0090A723 /* AppDelegate.swift */; };
		C5609A51216212DA0090A723 /* ViewController.swift in Sources */ = {isa = PBXBuildFile; fileRef = C5609A50216212DA0090A723 /* ViewController.swift */; };
		C5609A54216212DA0090A723 /* Main.storyboard in Resources */ = {isa = PBXBuildFile; fileRef = C5609A52216212DA0090A723 /* Main.storyboard */; };
		C5609A56216212DC0090A723 /* Assets.xcassets in Resources */ = {isa = PBXBuildFile; fileRef = C5609A55216212DC0090A723 /* Assets.xcassets */; };
		C5609A59216212DC0090A723 /* LaunchScreen.storyboard in Resources */ = {isa = PBXBuildFile; fileRef = C5609A57216212DC0090A723 /* LaunchScreen.storyboard */; };
		C5609A64216212DC0090A723 /* BallCareTests.swift in Sources */ = {isa = PBXBuildFile; fileRef = C5609A63216212DC0090A723 /* BallCareTests.swift */; };
		C5609A6F216212DC0090A723 /* BallCareUITests.swift in Sources */ = {isa = PBXBuildFile; fileRef = C5609A6E216212DC0090A723 /* BallCareUITests.swift */; };
		C5609A7D216219B10090A723 /* UsingBallsViewController.swift in Sources */ = {isa = PBXBuildFile; fileRef = C5609A7C216219B10090A723 /* UsingBallsViewController.swift */; };
		C5609A92216B0DB50090A723 /* dustbox.png in Resources */ = {isa = PBXBuildFile; fileRef = C5609A8C216B0DB50090A723 /* dustbox.png */; };
		C5609A93216B0DB50090A723 /* tennisball.png in Resources */ = {isa = PBXBuildFile; fileRef = C5609A8D216B0DB50090A723 /* tennisball.png */; };
		C5609A94216B0DB50090A723 /* tenniscourt.jpg in Resources */ = {isa = PBXBuildFile; fileRef = C5609A8E216B0DB50090A723 /* tenniscourt.jpg */; };
		C5609A95216B0DB50090A723 /* box.png in Resources */ = {isa = PBXBuildFile; fileRef = C5609A8F216B0DB50090A723 /* box.png */; };
		C5609A96216B0DB50090A723 /* reload.png in Resources */ = {isa = PBXBuildFile; fileRef = C5609A90216B0DB50090A723 /* reload.png */; };
		C5609A97216B0DB50090A723 /* tennisracket.gif in Resources */ = {isa = PBXBuildFile; fileRef = C5609A91216B0DB50090A723 /* tennisracket.gif */; };
/* End PBXBuildFile section */

/* Begin PBXContainerItemProxy section */
		C5609A60216212DC0090A723 /* PBXContainerItemProxy */ = {
			isa = PBXContainerItemProxy;
			containerPortal = C5609A43216212DA0090A723 /* Project object */;
			proxyType = 1;
			remoteGlobalIDString = C5609A4A216212DA0090A723;
			remoteInfo = BallCare;
		};
		C5609A6B216212DC0090A723 /* PBXContainerItemProxy */ = {
			isa = PBXContainerItemProxy;
			containerPortal = C5609A43216212DA0090A723 /* Project object */;
			proxyType = 1;
			remoteGlobalIDString = C5609A4A216212DA0090A723;
			remoteInfo = BallCare;
		};
/* End PBXContainerItemProxy section */

/* Begin PBXFileReference section */
		C5609A4B216212DA0090A723 /* BallCare.app */ = {isa = PBXFileReference; explicitFileType = wrapper.application; includeInIndex = 0; path = BallCare.app; sourceTree = BUILT_PRODUCTS_DIR; };
		C5609A4E216212DA0090A723 /* AppDelegate.swift */ = {isa = PBXFileReference; lastKnownFileType = sourcecode.swift; path = AppDelegate.swift; sourceTree = "<group>"; };
		C5609A50216212DA0090A723 /* ViewController.swift */ = {isa = PBXFileReference; lastKnownFileType = sourcecode.swift; path = ViewController.swift; sourceTree = "<group>"; };
		C5609A53216212DA0090A723 /* Base */ = {isa = PBXFileReference; lastKnownFileType = file.storyboard; name = Base; path = Base.lproj/Main.storyboard; sourceTree = "<group>"; };
		C5609A55216212DC0090A723 /* Assets.xcassets */ = {isa = PBXFileReference; lastKnownFileType = folder.assetcatalog; path = Assets.xcassets; sourceTree = "<group>"; };
		C5609A58216212DC0090A723 /* Base */ = {isa = PBXFileReference; lastKnownFileType = file.storyboard; name = Base; path = Base.lproj/LaunchScreen.storyboard; sourceTree = "<group>"; };
		C5609A5A216212DC0090A723 /* Info.plist */ = {isa = PBXFileReference; lastKnownFileType = text.plist.xml; path = Info.plist; sourceTree = "<group>"; };
		C5609A5F216212DC0090A723 /* BallCareTests.xctest */ = {isa = PBXFileReference; explicitFileType = wrapper.cfbundle; includeInIndex = 0; path = BallCareTests.xctest; sourceTree = BUILT_PRODUCTS_DIR; };
		C5609A63216212DC0090A723 /* BallCareTests.swift */ = {isa = PBXFileReference; lastKnownFileType = sourcecode.swift; path = BallCareTests.swift; sourceTree = "<group>"; };
		C5609A65216212DC0090A723 /* Info.plist */ = {isa = PBXFileReference; lastKnownFileType = text.plist.xml; path = Info.plist; sourceTree = "<group>"; };
		C5609A6A216212DC0090A723 /* BallCareUITests.xctest */ = {isa = PBXFileReference; explicitFileType = wrapper.cfbundle; includeInIndex = 0; path = BallCareUITests.xctest; sourceTree = BUILT_PRODUCTS_DIR; };
		C5609A6E216212DC0090A723 /* BallCareUITests.swift */ = {isa = PBXFileReference; lastKnownFileType = sourcecode.swift; path = BallCareUITests.swift; sourceTree = "<group>"; };
		C5609A70216212DC0090A723 /* Info.plist */ = {isa = PBXFileReference; lastKnownFileType = text.plist.xml; path = Info.plist; sourceTree = "<group>"; };
		C5609A7C216219B10090A723 /* UsingBallsViewController.swift */ = {isa = PBXFileReference; lastKnownFileType = sourcecode.swift; path = UsingBallsViewController.swift; sourceTree = "<group>"; };
		C5609A8C216B0DB50090A723 /* dustbox.png */ = {isa = PBXFileReference; lastKnownFileType = image.png; path = dustbox.png; sourceTree = "<group>"; };
		C5609A8D216B0DB50090A723 /* tennisball.png */ = {isa = PBXFileReference; lastKnownFileType = image.png; path = tennisball.png; sourceTree = "<group>"; };
		C5609A8E216B0DB50090A723 /* tenniscourt.jpg */ = {isa = PBXFileReference; lastKnownFileType = image.jpeg; path = tenniscourt.jpg; sourceTree = "<group>"; };
		C5609A8F216B0DB50090A723 /* box.png */ = {isa = PBXFileReference; lastKnownFileType = image.png; path = box.png; sourceTree = "<group>"; };
		C5609A90216B0DB50090A723 /* reload.png */ = {isa = PBXFileReference; lastKnownFileType = image.png; path = reload.png; sourceTree = "<group>"; };
		C5609A91216B0DB50090A723 /* tennisracket.gif */ = {isa = PBXFileReference; lastKnownFileType = image.gif; path = tennisracket.gif; sourceTree = "<group>"; };
/* End PBXFileReference section */

/* Begin PBXFrameworksBuildPhase section */
		C5609A48216212DA0090A723 /* Frameworks */ = {
			isa = PBXFrameworksBuildPhase;
			buildActionMask = 2147483647;
			files = (
			);
			runOnlyForDeploymentPostprocessing = 0;
		};
		C5609A5C216212DC0090A723 /* Frameworks */ = {
			isa = PBXFrameworksBuildPhase;
			buildActionMask = 2147483647;
			files = (
			);
			runOnlyForDeploymentPostprocessing = 0;
		};
		C5609A67216212DC0090A723 /* Frameworks */ = {
			isa = PBXFrameworksBuildPhase;
			buildActionMask = 2147483647;
			files = (
			);
			runOnlyForDeploymentPostprocessing = 0;
		};
/* End PBXFrameworksBuildPhase section */

/* Begin PBXGroup section */
		C5609A42216212DA0090A723 = {
			isa = PBXGroup;
			children = (
				C5609A4D216212DA0090A723 /* BallCare */,
				C5609A62216212DC0090A723 /* BallCareTests */,
				C5609A6D216212DC0090A723 /* BallCareUITests */,
				C5609A4C216212DA0090A723 /* Products */,
			);
			sourceTree = "<group>";
		};
		C5609A4C216212DA0090A723 /* Products */ = {
			isa = PBXGroup;
			children = (
				C5609A4B216212DA0090A723 /* BallCare.app */,
				C5609A5F216212DC0090A723 /* BallCareTests.xctest */,
				C5609A6A216212DC0090A723 /* BallCareUITests.xctest */,
			);
			name = Products;
			sourceTree = "<group>";
		};
		C5609A4D216212DA0090A723 /* BallCare */ = {
			isa = PBXGroup;
			children = (
				C5609A4E216212DA0090A723 /* AppDelegate.swift */,
				C5609A50216212DA0090A723 /* ViewController.swift */,
				C5609A7C216219B10090A723 /* UsingBallsViewController.swift */,
				C5609A52216212DA0090A723 /* Main.storyboard */,
				C5609A55216212DC0090A723 /* Assets.xcassets */,
				C5609A57216212DC0090A723 /* LaunchScreen.storyboard */,
				C5609A5A216212DC0090A723 /* Info.plist */,
				C5609A8B216B0DB50090A723 /* Images */,
			);
			path = BallCare;
			sourceTree = "<group>";
		};
		C5609A62216212DC0090A723 /* BallCareTests */ = {
			isa = PBXGroup;
			children = (
				C5609A63216212DC0090A723 /* BallCareTests.swift */,
				C5609A65216212DC0090A723 /* Info.plist */,
			);
			path = BallCareTests;
			sourceTree = "<group>";
		};
		C5609A6D216212DC0090A723 /* BallCareUITests */ = {
			isa = PBXGroup;
			children = (
				C5609A6E216212DC0090A723 /* BallCareUITests.swift */,
				C5609A70216212DC0090A723 /* Info.plist */,
			);
			path = BallCareUITests;
			sourceTree = "<group>";
		};
		C5609A8B216B0DB50090A723 /* Images */ = {
			isa = PBXGroup;
			children = (
				C5609A8C216B0DB50090A723 /* dustbox.png */,
				C5609A8D216B0DB50090A723 /* tennisball.png */,
				C5609A8E216B0DB50090A723 /* tenniscourt.jpg */,
				C5609A8F216B0DB50090A723 /* box.png */,
				C5609A90216B0DB50090A723 /* reload.png */,
				C5609A91216B0DB50090A723 /* tennisracket.gif */,
			);
			path = Images;
			sourceTree = SOURCE_ROOT;
		};
/* End PBXGroup section */

/* Begin PBXNativeTarget section */
		C5609A4A216212DA0090A723 /* BallCare */ = {
			isa = PBXNativeTarget;
			buildConfigurationList = C5609A73216212DC0090A723 /* Build configuration list for PBXNativeTarget "BallCare" */;
			buildPhases = (
				C5609A47216212DA0090A723 /* Sources */,
				C5609A48216212DA0090A723 /* Frameworks */,
				C5609A49216212DA0090A723 /* Resources */,
			);
			buildRules = (
			);
			dependencies = (
			);
			name = BallCare;
			productName = BallCare;
			productReference = C5609A4B216212DA0090A723 /* BallCare.app */;
			productType = "com.apple.product-type.application";
		};
		C5609A5E216212DC0090A723 /* BallCareTests */ = {
			isa = PBXNativeTarget;
			buildConfigurationList = C5609A76216212DC0090A723 /* Build configuration list for PBXNativeTarget "BallCareTests" */;
			buildPhases = (
				C5609A5B216212DC0090A723 /* Sources */,
				C5609A5C216212DC0090A723 /* Frameworks */,
				C5609A5D216212DC0090A723 /* Resources */,
			);
			buildRules = (
			);
			dependencies = (
				C5609A61216212DC0090A723 /* PBXTargetDependency */,
			);
			name = BallCareTests;
			productName = BallCareTests;
			productReference = C5609A5F216212DC0090A723 /* BallCareTests.xctest */;
			productType = "com.apple.product-type.bundle.unit-test";
		};
		C5609A69216212DC0090A723 /* BallCareUITests */ = {
			isa = PBXNativeTarget;
			buildConfigurationList = C5609A79216212DC0090A723 /* Build configuration list for PBXNativeTarget "BallCareUITests" */;
			buildPhases = (
				C5609A66216212DC0090A723 /* Sources */,
				C5609A67216212DC0090A723 /* Frameworks */,
				C5609A68216212DC0090A723 /* Resources */,
			);
			buildRules = (
			);
			dependencies = (
				C5609A6C216212DC0090A723 /* PBXTargetDependency */,
			);
			name = BallCareUITests;
			productName = BallCareUITests;
			productReference = C5609A6A216212DC0090A723 /* BallCareUITests.xctest */;
			productType = "com.apple.product-type.bundle.ui-testing";
		};
/* End PBXNativeTarget section */

/* Begin PBXProject section */
		C5609A43216212DA0090A723 /* Project object */ = {
			isa = PBXProject;
			attributes = {
				LastSwiftUpdateCheck = 1000;
				LastUpgradeCheck = 1000;
				ORGANIZATIONNAME = "剱物蒼太";
				TargetAttributes = {
					C5609A4A216212DA0090A723 = {
						CreatedOnToolsVersion = 10.0;
					};
					C5609A5E216212DC0090A723 = {
						CreatedOnToolsVersion = 10.0;
						TestTargetID = C5609A4A216212DA0090A723;
					};
					C5609A69216212DC0090A723 = {
						CreatedOnToolsVersion = 10.0;
						TestTargetID = C5609A4A216212DA0090A723;
					};
				};
			};
			buildConfigurationList = C5609A46216212DA0090A723 /* Build configuration list for PBXProject "BallCare" */;
			compatibilityVersion = "Xcode 9.3";
			developmentRegion = en;
			hasScannedForEncodings = 0;
			knownRegions = (
				en,
				Base,
			);
			mainGroup = C5609A42216212DA0090A723;
			productRefGroup = C5609A4C216212DA0090A723 /* Products */;
			projectDirPath = "";
			projectRoot = "";
			targets = (
				C5609A4A216212DA0090A723 /* BallCare */,
				C5609A5E216212DC0090A723 /* BallCareTests */,
				C5609A69216212DC0090A723 /* BallCareUITests */,
			);
		};
/* End PBXProject section */

/* Begin PBXResourcesBuildPhase section */
		C5609A49216212DA0090A723 /* Resources */ = {
			isa = PBXResourcesBuildPhase;
			buildActionMask = 2147483647;
			files = (
				C5609A94216B0DB50090A723 /* tenniscourt.jpg in Resources */,
				C5609A59216212DC0090A723 /* LaunchScreen.storyboard in Resources */,
				C5609A56216212DC0090A723 /* Assets.xcassets in Resources */,
				C5609A54216212DA0090A723 /* Main.storyboard in Resources */,
				C5609A96216B0DB50090A723 /* reload.png in Resources */,
				C5609A93216B0DB50090A723 /* tennisball.png in Resources */,
				C5609A95216B0DB50090A723 /* box.png in Resources */,
				C5609A97216B0DB50090A723 /* tennisracket.gif in Resources */,
				C5609A92216B0DB50090A723 /* dustbox.png in Resources */,
			);
			runOnlyForDeploymentPostprocessing = 0;
		};
		C5609A5D216212DC0090A723 /* Resources */ = {
			isa = PBXResourcesBuildPhase;
			buildActionMask = 2147483647;
			files = (
			);
			runOnlyForDeploymentPostprocessing = 0;
		};
		C5609A68216212DC0090A723 /* Resources */ = {
			isa = PBXResourcesBuildPhase;
			buildActionMask = 2147483647;
			files = (
			);
			runOnlyForDeploymentPostprocessing = 0;
		};
/* End PBXResourcesBuildPhase section */

/* Begin PBXSourcesBuildPhase section */
		C5609A47216212DA0090A723 /* Sources */ = {
			isa = PBXSourcesBuildPhase;
			buildActionMask = 2147483647;
			files = (
				C5609A51216212DA0090A723 /* ViewController.swift in Sources */,
				C5609A4F216212DA0090A723 /* AppDelegate.swift in Sources */,
				C5609A7D216219B10090A723 /* UsingBallsViewController.swift in Sources */,
			);
			runOnlyForDeploymentPostprocessing = 0;
		};
		C5609A5B216212DC0090A723 /* Sources */ = {
			isa = PBXSourcesBuildPhase;
			buildActionMask = 2147483647;
			files = (
				C5609A64216212DC0090A723 /* BallCareTests.swift in Sources */,
			);
			runOnlyForDeploymentPostprocessing = 0;
		};
		C5609A66216212DC0090A723 /* Sources */ = {
			isa = PBXSourcesBuildPhase;
			buildActionMask = 2147483647;
			files = (
				C5609A6F216212DC0090A723 /* BallCareUITests.swift in Sources */,
			);
			runOnlyForDeploymentPostprocessing = 0;
		};
/* End PBXSourcesBuildPhase section */

/* Begin PBXTargetDependency section */
		C5609A61216212DC0090A723 /* PBXTargetDependency */ = {
			isa = PBXTargetDependency;
			target = C5609A4A216212DA0090A723 /* BallCare */;
			targetProxy = C5609A60216212DC0090A723 /* PBXContainerItemProxy */;
		};
		C5609A6C216212DC0090A723 /* PBXTargetDependency */ = {
			isa = PBXTargetDependency;
			target = C5609A4A216212DA0090A723 /* BallCare */;
			targetProxy = C5609A6B216212DC0090A723 /* PBXContainerItemProxy */;
		};
/* End PBXTargetDependency section */

/* Begin PBXVariantGroup section */
		C5609A52216212DA0090A723 /* Main.storyboard */ = {
			isa = PBXVariantGroup;
			children = (
				C5609A53216212DA0090A723 /* Base */,
			);
			name = Main.storyboard;
			sourceTree = "<group>";
		};
		C5609A57216212DC0090A723 /* LaunchScreen.storyboard */ = {
			isa = PBXVariantGroup;
			children = (
				C5609A58216212DC0090A723 /* Base */,
			);
			name = LaunchScreen.storyboard;
			sourceTree = "<group>";
		};
/* End PBXVariantGroup section */

/* Begin XCBuildConfiguration section */
		C5609A71216212DC0090A723 /* Debug */ = {
			isa = XCBuildConfiguration;
			buildSettings = {
				ALWAYS_SEARCH_USER_PATHS = NO;
				CLANG_ANALYZER_NONNULL = YES;
				CLANG_ANALYZER_NUMBER_OBJECT_CONVERSION = YES_AGGRESSIVE;
				CLANG_CXX_LANGUAGE_STANDARD = "gnu++14";
				CLANG_CXX_LIBRARY = "libc++";
				CLANG_ENABLE_MODULES = YES;
				CLANG_ENABLE_OBJC_ARC = YES;
				CLANG_ENABLE_OBJC_WEAK = YES;
				CLANG_WARN_BLOCK_CAPTURE_AUTORELEASING = YES;
				CLANG_WARN_BOOL_CONVERSION = YES;
				CLANG_WARN_COMMA = YES;
				CLANG_WARN_CONSTANT_CONVERSION = YES;
				CLANG_WARN_DEPRECATED_OBJC_IMPLEMENTATIONS = YES;
				CLANG_WARN_DIRECT_OBJC_ISA_USAGE = YES_ERROR;
				CLANG_WARN_DOCUMENTATION_COMMENTS = YES;
				CLANG_WARN_EMPTY_BODY = YES;
				CLANG_WARN_ENUM_CONVERSION = YES;
				CLANG_WARN_INFINITE_RECURSION = YES;
				CLANG_WARN_INT_CONVERSION = YES;
				CLANG_WARN_NON_LITERAL_NULL_CONVERSION = YES;
				CLANG_WARN_OBJC_IMPLICIT_RETAIN_SELF = YES;
				CLANG_WARN_OBJC_LITERAL_CONVERSION = YES;
				CLANG_WARN_OBJC_ROOT_CLASS = YES_ERROR;
				CLANG_WARN_RANGE_LOOP_ANALYSIS = YES;
				CLANG_WARN_STRICT_PROTOTYPES = YES;
				CLANG_WARN_SUSPICIOUS_MOVE = YES;
				CLANG_WARN_UNGUARDED_AVAILABILITY = YES_AGGRESSIVE;
				CLANG_WARN_UNREACHABLE_CODE = YES;
				CLANG_WARN__DUPLICATE_METHOD_MATCH = YES;
				CODE_SIGN_IDENTITY = "iPhone Developer";
				COPY_PHASE_STRIP = NO;
				DEBUG_INFORMATION_FORMAT = dwarf;
				ENABLE_STRICT_OBJC_MSGSEND = YES;
				ENABLE_TESTABILITY = YES;
				GCC_C_LANGUAGE_STANDARD = gnu11;
				GCC_DYNAMIC_NO_PIC = NO;
				GCC_NO_COMMON_BLOCKS = YES;
				GCC_OPTIMIZATION_LEVEL = 0;
				GCC_PREPROCESSOR_DEFINITIONS = (
					"DEBUG=1",
					"$(inherited)",
				);
				GCC_WARN_64_TO_32_BIT_CONVERSION = YES;
				GCC_WARN_ABOUT_RETURN_TYPE = YES_ERROR;
				GCC_WARN_UNDECLARED_SELECTOR = YES;
				GCC_WARN_UNINITIALIZED_AUTOS = YES_AGGRESSIVE;
				GCC_WARN_UNUSED_FUNCTION = YES;
				GCC_WARN_UNUSED_VARIABLE = YES;
				IPHONEOS_DEPLOYMENT_TARGET = 12.0;
				MTL_ENABLE_DEBUG_INFO = INCLUDE_SOURCE;
				MTL_FAST_MATH = YES;
				ONLY_ACTIVE_ARCH = YES;
				SDKROOT = iphoneos;
				SWIFT_ACTIVE_COMPILATION_CONDITIONS = DEBUG;
				SWIFT_OPTIMIZATION_LEVEL = "-Onone";
			};
			name = Debug;
		};
		C5609A72216212DC0090A723 /* Release */ = {
			isa = XCBuildConfiguration;
			buildSettings = {
				ALWAYS_SEARCH_USER_PATHS = NO;
				CLANG_ANALYZER_NONNULL = YES;
				CLANG_ANALYZER_NUMBER_OBJECT_CONVERSION = YES_AGGRESSIVE;
				CLANG_CXX_LANGUAGE_STANDARD = "gnu++14";
				CLANG_CXX_LIBRARY = "libc++";
				CLANG_ENABLE_MODULES = YES;
				CLANG_ENABLE_OBJC_ARC = YES;
				CLANG_ENABLE_OBJC_WEAK = YES;
				CLANG_WARN_BLOCK_CAPTURE_AUTORELEASING = YES;
				CLANG_WARN_BOOL_CONVERSION = YES;
				CLANG_WARN_COMMA = YES;
				CLANG_WARN_CONSTANT_CONVERSION = YES;
				CLANG_WARN_DEPRECATED_OBJC_IMPLEMENTATIONS = YES;
				CLANG_WARN_DIRECT_OBJC_ISA_USAGE = YES_ERROR;
				CLANG_WARN_DOCUMENTATION_COMMENTS = YES;
				CLANG_WARN_EMPTY_BODY = YES;
				CLANG_WARN_ENUM_CONVERSION = YES;
				CLANG_WARN_INFINITE_RECURSION = YES;
				CLANG_WARN_INT_CONVERSION = YES;
				CLANG_WARN_NON_LITERAL_NULL_CONVERSION = YES;
				CLANG_WARN_OBJC_IMPLICIT_RETAIN_SELF = YES;
				CLANG_WARN_OBJC_LITERAL_CONVERSION = YES;
				CLANG_WARN_OBJC_ROOT_CLASS = YES_ERROR;
				CLANG_WARN_RANGE_LOOP_ANALYSIS = YES;
				CLANG_WARN_STRICT_PROTOTYPES = YES;
				CLANG_WARN_SUSPICIOUS_MOVE = YES;
				CLANG_WARN_UNGUARDED_AVAILABILITY = YES_AGGRESSIVE;
				CLANG_WARN_UNREACHABLE_CODE = YES;
				CLANG_WARN__DUPLICATE_METHOD_MATCH = YES;
				CODE_SIGN_IDENTITY = "iPhone Developer";
				COPY_PHASE_STRIP = NO;
				DEBUG_INFORMATION_FORMAT = "dwarf-with-dsym";
				ENABLE_NS_ASSERTIONS = NO;
				ENABLE_STRICT_OBJC_MSGSEND = YES;
				GCC_C_LANGUAGE_STANDARD = gnu11;
				GCC_NO_COMMON_BLOCKS = YES;
				GCC_WARN_64_TO_32_BIT_CONVERSION = YES;
				GCC_WARN_ABOUT_RETURN_TYPE = YES_ERROR;
				GCC_WARN_UNDECLARED_SELECTOR = YES;
				GCC_WARN_UNINITIALIZED_AUTOS = YES_AGGRESSIVE;
				GCC_WARN_UNUSED_FUNCTION = YES;
				GCC_WARN_UNUSED_VARIABLE = YES;
				IPHONEOS_DEPLOYMENT_TARGET = 12.0;
				MTL_ENABLE_DEBUG_INFO = NO;
				MTL_FAST_MATH = YES;
				SDKROOT = iphoneos;
				SWIFT_COMPILATION_MODE = wholemodule;
				SWIFT_OPTIMIZATION_LEVEL = "-O";
				VALIDATE_PRODUCT = YES;
			};
			name = Release;
		};
		C5609A74216212DC0090A723 /* Debug */ = {
			isa = XCBuildConfiguration;
			buildSettings = {
				ASSETCATALOG_COMPILER_APPICON_NAME = AppIcon;
				CODE_SIGN_STYLE = Automatic;
				DEVELOPMENT_TEAM = ZZA8HCZD9U;
				INFOPLIST_FILE = BallCare/Info.plist;
				LD_RUNPATH_SEARCH_PATHS = (
					"$(inherited)",
					"@executable_path/Frameworks",
				);
				PRODUCT_BUNDLE_IDENTIFIER = com.litech.BallCare;
				PRODUCT_NAME = "$(TARGET_NAME)";
				SWIFT_VERSION = 4.2;
				TARGETED_DEVICE_FAMILY = "1,2";
			};
			name = Debug;
		};
		C5609A75216212DC0090A723 /* Release */ = {
			isa = XCBuildConfiguration;
			buildSettings = {
				ASSETCATALOG_COMPILER_APPICON_NAME = AppIcon;
				CODE_SIGN_STYLE = Automatic;
				DEVELOPMENT_TEAM = ZZA8HCZD9U;
				INFOPLIST_FILE = BallCare/Info.plist;
				LD_RUNPATH_SEARCH_PATHS = (
					"$(inherited)",
					"@executable_path/Frameworks",
				);
				PRODUCT_BUNDLE_IDENTIFIER = com.litech.BallCare;
				PRODUCT_NAME = "$(TARGET_NAME)";
				SWIFT_VERSION = 4.2;
				TARGETED_DEVICE_FAMILY = "1,2";
			};
			name = Release;
		};
		C5609A77216212DC0090A723 /* Debug */ = {
			isa = XCBuildConfiguration;
			buildSettings = {
				ALWAYS_EMBED_SWIFT_STANDARD_LIBRARIES = YES;
				BUNDLE_LOADER = "$(TEST_HOST)";
				CODE_SIGN_STYLE = Automatic;
				INFOPLIST_FILE = BallCareTests/Info.plist;
				LD_RUNPATH_SEARCH_PATHS = (
					"$(inherited)",
					"@executable_path/Frameworks",
					"@loader_path/Frameworks",
				);
				PRODUCT_BUNDLE_IDENTIFIER = com.litech.BallCareTests;
				PRODUCT_NAME = "$(TARGET_NAME)";
				SWIFT_VERSION = 4.2;
				TARGETED_DEVICE_FAMILY = "1,2";
				TEST_HOST = "$(BUILT_PRODUCTS_DIR)/BallCare.app/BallCare";
			};
			name = Debug;
		};
		C5609A78216212DC0090A723 /* Release */ = {
			isa = XCBuildConfiguration;
			buildSettings = {
				ALWAYS_EMBED_SWIFT_STANDARD_LIBRARIES = YES;
				BUNDLE_LOADER = "$(TEST_HOST)";
				CODE_SIGN_STYLE = Automatic;
				INFOPLIST_FILE = BallCareTests/Info.plist;
				LD_RUNPATH_SEARCH_PATHS = (
					"$(inherited)",
					"@executable_path/Frameworks",
					"@loader_path/Frameworks",
				);
				PRODUCT_BUNDLE_IDENTIFIER = com.litech.BallCareTests;
				PRODUCT_NAME = "$(TARGET_NAME)";
				SWIFT_VERSION = 4.2;
				TARGETED_DEVICE_FAMILY = "1,2";
				TEST_HOST = "$(BUILT_PRODUCTS_DIR)/BallCare.app/BallCare";
			};
			name = Release;
		};
		C5609A7A216212DC0090A723 /* Debug */ = {
			isa = XCBuildConfiguration;
			buildSettings = {
				ALWAYS_EMBED_SWIFT_STANDARD_LIBRARIES = YES;
				CODE_SIGN_STYLE = Automatic;
				INFOPLIST_FILE = BallCareUITests/Info.plist;
				LD_RUNPATH_SEARCH_PATHS = (
					"$(inherited)",
					"@executable_path/Frameworks",
					"@loader_path/Frameworks",
				);
				PRODUCT_BUNDLE_IDENTIFIER = com.litech.BallCareUITests;
				PRODUCT_NAME = "$(TARGET_NAME)";
				SWIFT_VERSION = 4.2;
				TARGETED_DEVICE_FAMILY = "1,2";
				TEST_TARGET_NAME = BallCare;
			};
			name = Debug;
		};
		C5609A7B216212DC0090A723 /* Release */ = {
			isa = XCBuildConfiguration;
			buildSettings = {
				ALWAYS_EMBED_SWIFT_STANDARD_LIBRARIES = YES;
				CODE_SIGN_STYLE = Automatic;
				INFOPLIST_FILE = BallCareUITests/Info.plist;
				LD_RUNPATH_SEARCH_PATHS = (
					"$(inherited)",
					"@executable_path/Frameworks",
					"@loader_path/Frameworks",
				);
				PRODUCT_BUNDLE_IDENTIFIER = com.litech.BallCareUITests;
				PRODUCT_NAME = "$(TARGET_NAME)";
				SWIFT_VERSION = 4.2;
				TARGETED_DEVICE_FAMILY = "1,2";
				TEST_TARGET_NAME = BallCare;
			};
			name = Release;
		};
/* End XCBuildConfiguration section */

/* Begin XCConfigurationList section */
		C5609A46216212DA0090A723 /* Build configuration list for PBXProject "BallCare" */ = {
			isa = XCConfigurationList;
			buildConfigurations = (
				C5609A71216212DC0090A723 /* Debug */,
				C5609A72216212DC0090A723 /* Release */,
			);
			defaultConfigurationIsVisible = 0;
			defaultConfigurationName = Release;
		};
		C5609A73216212DC0090A723 /* Build configuration list for PBXNativeTarget "BallCare" */ = {
			isa = XCConfigurationList;
			buildConfigurations = (
				C5609A74216212DC0090A723 /* Debug */,
				C5609A75216212DC0090A723 /* Release */,
			);
			defaultConfigurationIsVisible = 0;
			defaultConfigurationName = Release;
		};
		C5609A76216212DC0090A723 /* Build configuration list for PBXNativeTarget "BallCareTests" */ = {
			isa = XCConfigurationList;
			buildConfigurations = (
				C5609A77216212DC0090A723 /* Debug */,
				C5609A78216212DC0090A723 /* Release */,
			);
			defaultConfigurationIsVisible = 0;
			defaultConfigurationName = Release;
		};
		C5609A79216212DC0090A723 /* Build configuration list for PBXNativeTarget "BallCareUITests" */ = {
			isa = XCConfigurationList;
			buildConfigurations = (
				C5609A7A216212DC0090A723 /* Debug */,
				C5609A7B216212DC0090A723 /* Release */,
			);
			defaultConfigurationIsVisible = 0;
			defaultConfigurationName = Release;
		};
/* End XCConfigurationList section */
	};
	rootObject = C5609A43216212DA0090A723 /* Project object */;
}
